
Microsoft Visual Studio Solution File, Format Version 12.00
# Visual Studio 15
VisualStudioVersion = 15.0.27428.2037
MinimumVisualStudioVersion = 10.0.40219.1
Project("{FAE04EC0-301F-11D3-BF4B-00C04F79EFBC}") = "UKTaxCalculator", "UKTaxCalculator.csproj", "{AFD89469-33C7-4E7D-B405-8DB1C021042E}"
EndProject
Project("{FAE04EC0-301F-11D3-BF4B-00C04F79EFBC}") = "UKTaxCalculatorTest", "UKTaxCalculatorTest\UKTaxCalculatorTest.csproj", "{81320111-05C6-4375-AFEF-4846A290D9FA}"
EndProject
Global
	GlobalSection(SolutionConfigurationPlatforms) = preSolution
		Debug|Any CPU = Debug|Any CPU
		Release|Any CPU = Release|Any CPU
	EndGlobalSection
	GlobalSection(ProjectConfigurationPlatforms) = postSolution
		{AFD89469-33C7-4E7D-B405-8DB1C021042E}.Debug|Any CPU.ActiveCfg = Debug|Any CPU
		{AFD89469-33C7-4E7D-B405-8DB1C021042E}.Debug|Any CPU.Build.0 = Debug|Any CPU
		{AFD89469-33C7-4E7D-B405-8DB1C021042E}.Release|Any CPU.ActiveCfg = Release|Any CPU
		{AFD89469-33C7-4E7D-B405-8DB1C021042E}.Release|Any CPU.Build.0 = Release|Any CPU
		{81320111-05C6-4375-AFEF-4846A290D9FA}.Debug|Any CPU.ActiveCfg = Debug|Any CPU
		{81320111-05C6-4375-AFEF-4846A290D9FA}.Debug|Any CPU.Build.0 = Debug|Any CPU
		{81320111-05C6-4375-AFEF-4846A290D9FA}.Release|Any CPU.ActiveCfg = Release|Any CPU
		{81320111-05C6-4375-AFEF-4846A290D9FA}.Release|Any CPU.Build.0 = Release|Any CPU
	EndGlobalSection
	GlobalSection(SolutionProperties) = preSolution
		HideSolutionNode = FALSE
	EndGlobalSection
	GlobalSection(ExtensibilityGlobals) = postSolution
		SolutionGuid = {780599E1-967E-4D10-8429-DEFDD9389090}
	EndGlobalSection
EndGlobal
